{
  "nodes": {
    "disko": {
      "inputs": {
        "nixpkgs": [
          "nixpkgs"
        ]
      },
      "locked": {
        "lastModified": 1704741201,
        "narHash": "sha256-Y420NeqPWRSpxHpXsxhKILfTxT5exjtTgCgDwSpcEfU=",
        "owner": "nix-community",
        "repo": "disko",
        "rev": "f0a3425a7b173701922e7959d8bfb136ef53aa54",
        "type": "github"
      },
      "original": {
        "owner": "nix-community",
        "repo": "disko",
        "type": "github"
      }
    },
    "distrobox": {
      "locked": {
        "lastModified": 1705261219,
        "narHash": "sha256-x7ZAuz80W6pnDSeleUQgQODewsDPPDVFErCRqkoqeMY=",
        "owner": "pongo1231",
        "repo": "nixpkgs",
        "rev": "3755aefcb91129fcab9608f2864d2b77781ce685",
        "type": "github"
      },
      "original": {
        "owner": "pongo1231",
        "ref": "distrobox-1.6.0",
        "repo": "nixpkgs",
        "type": "github"
      }
    },
    "home-manager": {
      "inputs": {
        "nixpkgs": [
          "nixpkgs"
        ]
      },
      "locked": {
        "lastModified": 1704099619,
        "narHash": "sha256-QRVMkdxLmv+aKGjcgeEg31xtJEIsYq4i1Kbyw5EPS6g=",
        "owner": "nix-community",
        "repo": "home-manager",
        "rev": "7e398b3d76bc1503171b1364c9d4a07ac06f3851",
        "type": "github"
      },
      "original": {
        "owner": "nix-community",
        "ref": "release-23.11",
        "repo": "home-manager",
        "type": "github"
      }
    },
    "nixpkgs": {
      "locked": {
        "lastModified": 1704732714,
        "narHash": "sha256-ABqK/HggMYA/jMUXgYyqVAcQ8QjeMyr1jcXfTpSHmps=",
        "owner": "nixos",
        "repo": "nixpkgs",
        "rev": "6723fa4e4f1a30d42a633bef5eb01caeb281adc3",
        "type": "github"
      },
      "original": {
        "owner": "nixos",
        "ref": "nixos-23.11",
        "repo": "nixpkgs",
        "type": "github"
      }
    },
    "root": {
      "inputs": {
        "disko": "disko",
        "distrobox": "distrobox",
        "home-manager": "home-manager",
        "nixpkgs": "nixpkgs",
        "vesktop": "vesktop"
      }
    },
    "vesktop": {
      "locked": {
        "lastModified": 1705371811,
        "narHash": "sha256-VvwaeNt6IaMiPc2R+5cJC7oOBEU/xOKReF0CgC6pL6g=",
        "owner": "Airradda",
        "repo": "nixpkgs",
        "rev": "2a2273f1e30c9ff1a40f932da79c2d60b860c359",
        "type": "github"
      },
      "original": {
        "owner": "Airradda",
        "ref": "master",
        "repo": "nixpkgs",
        "type": "github"
      }
    }
  },
  "root": "root",
  "version": 7
}
